
Microsoft Visual Studio Solution File, Format Version 12.00
# Visual Studio 15
VisualStudioVersion = 15.0.27428.2037
MinimumVisualStudioVersion = 10.0.40219.1
Project("{FAE04EC0-301F-11D3-BF4B-00C04F79EFBC}") = "vMonitor.Android", "vMonitor\vMonitor.Android\vMonitor.Android.csproj", "{469C5903-AC3B-49F7-99AC-F6E0A47D1118}"
EndProject
Project("{FAE04EC0-301F-11D3-BF4B-00C04F79EFBC}") = "vMonitor.iOS", "vMonitor\vMonitor.iOS\vMonitor.iOS.csproj", "{8F2634EF-305C-4281-B172-520657B12219}"
EndProject
Project("{FAE04EC0-301F-11D3-BF4B-00C04F79EFBC}") = "vMonitor.UWP", "vMonitor\vMonitor.UWP\vMonitor.UWP.csproj", "{079A63F2-1DD6-47B8-902D-53C845B88531}"
EndProject
Project("{D954291E-2A0B-460D-934E-DC6B0785DB48}") = "vMonitor", "vMonitor\vMonitor\vMonitor.shproj", "{73A7B402-5A0C-4474-A939-14FDC4944EFE}"
EndProject
Global
	GlobalSection(SharedMSBuildProjectFiles) = preSolution
		vMonitor\vMonitor\vMonitor.projitems*{079a63f2-1dd6-47b8-902d-53c845b88531}*SharedItemsImports = 4
		vMonitor\vMonitor\vMonitor.projitems*{469c5903-ac3b-49f7-99ac-f6e0a47d1118}*SharedItemsImports = 4
		vMonitor\vMonitor\vMonitor.projitems*{73a7b402-5a0c-4474-a939-14fdc4944efe}*SharedItemsImports = 13
		vMonitor\vMonitor\vMonitor.projitems*{8f2634ef-305c-4281-b172-520657b12219}*SharedItemsImports = 4
	EndGlobalSection
	GlobalSection(SolutionConfigurationPlatforms) = preSolution
		Ad-Hoc|Any CPU = Ad-Hoc|Any CPU
		Ad-Hoc|ARM = Ad-Hoc|ARM
		Ad-Hoc|iPhone = Ad-Hoc|iPhone
		Ad-Hoc|iPhoneSimulator = Ad-Hoc|iPhoneSimulator
		Ad-Hoc|x64 = Ad-Hoc|x64
		Ad-Hoc|x86 = Ad-Hoc|x86
		AppStore|Any CPU = AppStore|Any CPU
		AppStore|ARM = AppStore|ARM
		AppStore|iPhone = AppStore|iPhone
		AppStore|iPhoneSimulator = AppStore|iPhoneSimulator
		AppStore|x64 = AppStore|x64
		AppStore|x86 = AppStore|x86
		Debug|Any CPU = Debug|Any CPU
		Debug|ARM = Debug|ARM
		Debug|iPhone = Debug|iPhone
		Debug|iPhoneSimulator = Debug|iPhoneSimulator
		Debug|x64 = Debug|x64
		Debug|x86 = Debug|x86
		Release|Any CPU = Release|Any CPU
		Release|ARM = Release|ARM
		Release|iPhone = Release|iPhone
		Release|iPhoneSimulator = Release|iPhoneSimulator
		Release|x64 = Release|x64
		Release|x86 = Release|x86
	EndGlobalSection
	GlobalSection(ProjectConfigurationPlatforms) = postSolution
		{469C5903-AC3B-49F7-99AC-F6E0A47D1118}.Ad-Hoc|Any CPU.ActiveCfg = Release|Any CPU
		{469C5903-AC3B-49F7-99AC-F6E0A47D1118}.Ad-Hoc|Any CPU.Build.0 = Release|Any CPU
		{469C5903-AC3B-49F7-99AC-F6E0A47D1118}.Ad-Hoc|Any CPU.Deploy.0 = Release|Any CPU
		{469C5903-AC3B-49F7-99AC-F6E0A47D1118}.Ad-Hoc|ARM.ActiveCfg = Release|Any CPU
		{469C5903-AC3B-49F7-99AC-F6E0A47D1118}.Ad-Hoc|ARM.Build.0 = Release|Any CPU
		{469C5903-AC3B-49F7-99AC-F6E0A47D1118}.Ad-Hoc|ARM.Deploy.0 = Release|Any CPU
		{469C5903-AC3B-49F7-99AC-F6E0A47D1118}.Ad-Hoc|iPhone.ActiveCfg = Release|Any CPU
		{469C5903-AC3B-49F7-99AC-F6E0A47D1118}.Ad-Hoc|iPhone.Build.0 = Release|Any CPU
		{469C5903-AC3B-49F7-99AC-F6E0A47D1118}.Ad-Hoc|iPhone.Deploy.0 = Release|Any CPU
		{469C5903-AC3B-49F7-99AC-F6E0A47D1118}.Ad-Hoc|iPhoneSimulator.ActiveCfg = Release|Any CPU
		{469C5903-AC3B-49F7-99AC-F6E0A47D1118}.Ad-Hoc|iPhoneSimulator.Build.0 = Release|Any CPU
		{469C5903-AC3B-49F7-99AC-F6E0A47D1118}.Ad-Hoc|iPhoneSimulator.Deploy.0 = Release|Any CPU
		{469C5903-AC3B-49F7-99AC-F6E0A47D1118}.Ad-Hoc|x64.ActiveCfg = Release|Any CPU
		{469C5903-AC3B-49F7-99AC-F6E0A47D1118}.Ad-Hoc|x64.Build.0 = Release|Any CPU
		{469C5903-AC3B-49F7-99AC-F6E0A47D1118}.Ad-Hoc|x64.Deploy.0 = Release|Any CPU
		{469C5903-AC3B-49F7-99AC-F6E0A47D1118}.Ad-Hoc|x86.ActiveCfg = Release|Any CPU
		{469C5903-AC3B-49F7-99AC-F6E0A47D1118}.Ad-Hoc|x86.Build.0 = Release|Any CPU
		{469C5903-AC3B-49F7-99AC-F6E0A47D1118}.Ad-Hoc|x86.Deploy.0 = Release|Any CPU
		{469C5903-AC3B-49F7-99AC-F6E0A47D1118}.AppStore|Any CPU.ActiveCfg = Release|Any CPU
		{469C5903-AC3B-49F7-99AC-F6E0A47D1118}.AppStore|Any CPU.Build.0 = Release|Any CPU
		{469C5903-AC3B-49F7-99AC-F6E0A47D1118}.AppStore|Any CPU.Deploy.0 = Release|Any CPU
		{469C5903-AC3B-49F7-99AC-F6E0A47D1118}.AppStore|ARM.ActiveCfg = Release|Any CPU
		{469C5903-AC3B-49F7-99AC-F6E0A47D1118}.AppStore|ARM.Build.0 = Release|Any CPU
		{469C5903-AC3B-49F7-99AC-F6E0A47D1118}.AppStore|ARM.Deploy.0 = Release|Any CPU
		{469C5903-AC3B-49F7-99AC-F6E0A47D1118}.AppStore|iPhone.ActiveCfg = Release|Any CPU
		{469C5903-AC3B-49F7-99AC-F6E0A47D1118}.AppStore|iPhone.Build.0 = Release|Any CPU
		{469C5903-AC3B-49F7-99AC-F6E0A47D1118}.AppStore|iPhone.Deploy.0 = Release|Any CPU
		{469C5903-AC3B-49F7-99AC-F6E0A47D1118}.AppStore|iPhoneSimulator.ActiveCfg = Release|Any CPU
		{469C5903-AC3B-49F7-99AC-F6E0A47D1118}.AppStore|iPhoneSimulator.Build.0 = Release|Any CPU
		{469C5903-AC3B-49F7-99AC-F6E0A47D1118}.AppStore|iPhoneSimulator.Deploy.0 = Release|Any CPU
		{469C5903-AC3B-49F7-99AC-F6E0A47D1118}.AppStore|x64.ActiveCfg = Release|Any CPU
		{469C5903-AC3B-49F7-99AC-F6E0A47D1118}.AppStore|x64.Build.0 = Release|Any CPU
		{469C5903-AC3B-49F7-99AC-F6E0A47D1118}.AppStore|x64.Deploy.0 = Release|Any CPU
		{469C5903-AC3B-49F7-99AC-F6E0A47D1118}.AppStore|x86.ActiveCfg = Release|Any CPU
		{469C5903-AC3B-49F7-99AC-F6E0A47D1118}.AppStore|x86.Build.0 = Release|Any CPU
		{469C5903-AC3B-49F7-99AC-F6E0A47D1118}.AppStore|x86.Deploy.0 = Release|Any CPU
		{469C5903-AC3B-49F7-99AC-F6E0A47D1118}.Debug|Any CPU.ActiveCfg = Debug|Any CPU
		{469C5903-AC3B-49F7-99AC-F6E0A47D1118}.Debug|Any CPU.Build.0 = Debug|Any CPU
		{469C5903-AC3B-49F7-99AC-F6E0A47D1118}.Debug|Any CPU.Deploy.0 = Debug|Any CPU
		{469C5903-AC3B-49F7-99AC-F6E0A47D1118}.Debug|ARM.ActiveCfg = Debug|Any CPU
		{469C5903-AC3B-49F7-99AC-F6E0A47D1118}.Debug|ARM.Build.0 = Debug|Any CPU
		{469C5903-AC3B-49F7-99AC-F6E0A47D1118}.Debug|ARM.Deploy.0 = Debug|Any CPU
		{469C5903-AC3B-49F7-99AC-F6E0A47D1118}.Debug|iPhone.ActiveCfg = Debug|Any CPU
		{469C5903-AC3B-49F7-99AC-F6E0A47D1118}.Debug|iPhone.Build.0 = Debug|Any CPU
		{469C5903-AC3B-49F7-99AC-F6E0A47D1118}.Debug|iPhone.Deploy.0 = Debug|Any CPU
		{469C5903-AC3B-49F7-99AC-F6E0A47D1118}.Debug|iPhoneSimulator.ActiveCfg = Debug|Any CPU
		{469C5903-AC3B-49F7-99AC-F6E0A47D1118}.Debug|iPhoneSimulator.Build.0 = Debug|Any CPU
		{469C5903-AC3B-49F7-99AC-F6E0A47D1118}.Debug|iPhoneSimulator.Deploy.0 = Debug|Any CPU
		{469C5903-AC3B-49F7-99AC-F6E0A47D1118}.Debug|x64.ActiveCfg = Debug|Any CPU
		{469C5903-AC3B-49F7-99AC-F6E0A47D1118}.Debug|x64.Build.0 = Debug|Any CPU
		{469C5903-AC3B-49F7-99AC-F6E0A47D1118}.Debug|x64.Deploy.0 = Debug|Any CPU
		{469C5903-AC3B-49F7-99AC-F6E0A47D1118}.Debug|x86.ActiveCfg = Debug|Any CPU
		{469C5903-AC3B-49F7-99AC-F6E0A47D1118}.Debug|x86.Build.0 = Debug|Any CPU
		{469C5903-AC3B-49F7-99AC-F6E0A47D1118}.Debug|x86.Deploy.0 = Debug|Any CPU
		{469C5903-AC3B-49F7-99AC-F6E0A47D1118}.Release|Any CPU.ActiveCfg = Release|Any CPU
		{469C5903-AC3B-49F7-99AC-F6E0A47D1118}.Release|Any CPU.Build.0 = Release|Any CPU
		{469C5903-AC3B-49F7-99AC-F6E0A47D1118}.Release|Any CPU.Deploy.0 = Release|Any CPU
		{469C5903-AC3B-49F7-99AC-F6E0A47D1118}.Release|ARM.ActiveCfg = Release|Any CPU
		{469C5903-AC3B-49F7-99AC-F6E0A47D1118}.Release|ARM.Build.0 = Release|Any CPU
		{469C5903-AC3B-49F7-99AC-F6E0A47D1118}.Release|ARM.Deploy.0 = Release|Any CPU
		{469C5903-AC3B-49F7-99AC-F6E0A47D1118}.Release|iPhone.ActiveCfg = Release|Any CPU
		{469C5903-AC3B-49F7-99AC-F6E0A47D1118}.Release|iPhone.Build.0 = Release|Any CPU
		{469C5903-AC3B-49F7-99AC-F6E0A47D1118}.Release|iPhone.Deploy.0 = Release|Any CPU
		{469C5903-AC3B-49F7-99AC-F6E0A47D1118}.Release|iPhoneSimulator.ActiveCfg = Release|Any CPU
		{469C5903-AC3B-49F7-99AC-F6E0A47D1118}.Release|iPhoneSimulator.Build.0 = Release|Any CPU
		{469C5903-AC3B-49F7-99AC-F6E0A47D1118}.Release|iPhoneSimulator.Deploy.0 = Release|Any CPU
		{469C5903-AC3B-49F7-99AC-F6E0A47D1118}.Release|x64.ActiveCfg = Release|Any CPU
		{469C5903-AC3B-49F7-99AC-F6E0A47D1118}.Release|x64.Build.0 = Release|Any CPU
		{469C5903-AC3B-49F7-99AC-F6E0A47D1118}.Release|x64.Deploy.0 = Release|Any CPU
		{469C5903-AC3B-49F7-99AC-F6E0A47D1118}.Release|x86.ActiveCfg = Release|Any CPU
		{469C5903-AC3B-49F7-99AC-F6E0A47D1118}.Release|x86.Build.0 = Release|Any CPU
		{469C5903-AC3B-49F7-99AC-F6E0A47D1118}.Release|x86.Deploy.0 = Release|Any CPU
		{8F2634EF-305C-4281-B172-520657B12219}.Ad-Hoc|Any CPU.ActiveCfg = Ad-Hoc|iPhone
		{8F2634EF-305C-4281-B172-520657B12219}.Ad-Hoc|ARM.ActiveCfg = Ad-Hoc|iPhone
		{8F2634EF-305C-4281-B172-520657B12219}.Ad-Hoc|iPhone.ActiveCfg = Ad-Hoc|iPhone
		{8F2634EF-305C-4281-B172-520657B12219}.Ad-Hoc|iPhone.Build.0 = Ad-Hoc|iPhone
		{8F2634EF-305C-4281-B172-520657B12219}.Ad-Hoc|iPhoneSimulator.ActiveCfg = Ad-Hoc|iPhoneSimulator
		{8F2634EF-305C-4281-B172-520657B12219}.Ad-Hoc|iPhoneSimulator.Build.0 = Ad-Hoc|iPhoneSimulator
		{8F2634EF-305C-4281-B172-520657B12219}.Ad-Hoc|x64.ActiveCfg = Ad-Hoc|iPhone
		{8F2634EF-305C-4281-B172-520657B12219}.Ad-Hoc|x86.ActiveCfg = Ad-Hoc|iPhone
		{8F2634EF-305C-4281-B172-520657B12219}.AppStore|Any CPU.ActiveCfg = AppStore|iPhone
		{8F2634EF-305C-4281-B172-520657B12219}.AppStore|ARM.ActiveCfg = AppStore|iPhone
		{8F2634EF-305C-4281-B172-520657B12219}.AppStore|iPhone.ActiveCfg = AppStore|iPhone
		{8F2634EF-305C-4281-B172-520657B12219}.AppStore|iPhone.Build.0 = AppStore|iPhone
		{8F2634EF-305C-4281-B172-520657B12219}.AppStore|iPhoneSimulator.ActiveCfg = AppStore|iPhoneSimulator
		{8F2634EF-305C-4281-B172-520657B12219}.AppStore|iPhoneSimulator.Build.0 = AppStore|iPhoneSimulator
		{8F2634EF-305C-4281-B172-520657B12219}.AppStore|x64.ActiveCfg = AppStore|iPhone
		{8F2634EF-305C-4281-B172-520657B12219}.AppStore|x86.ActiveCfg = AppStore|iPhone
		{8F2634EF-305C-4281-B172-520657B12219}.Debug|Any CPU.ActiveCfg = Debug|iPhone
		{8F2634EF-305C-4281-B172-520657B12219}.Debug|ARM.ActiveCfg = Debug|iPhone
		{8F2634EF-305C-4281-B172-520657B12219}.Debug|iPhone.ActiveCfg = Debug|iPhone
		{8F2634EF-305C-4281-B172-520657B12219}.Debug|iPhone.Build.0 = Debug|iPhone
		{8F2634EF-305C-4281-B172-520657B12219}.Debug|iPhoneSimulator.ActiveCfg = Debug|iPhoneSimulator
		{8F2634EF-305C-4281-B172-520657B12219}.Debug|iPhoneSimulator.Build.0 = Debug|iPhoneSimulator
		{8F2634EF-305C-4281-B172-520657B12219}.Debug|x64.ActiveCfg = Debug|iPhone
		{8F2634EF-305C-4281-B172-520657B12219}.Debug|x86.ActiveCfg = Debug|iPhone
		{8F2634EF-305C-4281-B172-520657B12219}.Release|Any CPU.ActiveCfg = Release|iPhone
		{8F2634EF-305C-4281-B172-520657B12219}.Release|ARM.ActiveCfg = Release|iPhone
		{8F2634EF-305C-4281-B172-520657B12219}.Release|iPhone.ActiveCfg = Release|iPhone
		{8F2634EF-305C-4281-B172-520657B12219}.Release|iPhone.Build.0 = Release|iPhone
		{8F2634EF-305C-4281-B172-520657B12219}.Release|iPhoneSimulator.ActiveCfg = Release|iPhoneSimulator
		{8F2634EF-305C-4281-B172-520657B12219}.Release|iPhoneSimulator.Build.0 = Release|iPhoneSimulator
		{8F2634EF-305C-4281-B172-520657B12219}.Release|x64.ActiveCfg = Release|iPhone
		{8F2634EF-305C-4281-B172-520657B12219}.Release|x86.ActiveCfg = Release|iPhone
		{079A63F2-1DD6-47B8-902D-53C845B88531}.Ad-Hoc|Any CPU.ActiveCfg = Release|x86
		{079A63F2-1DD6-47B8-902D-53C845B88531}.Ad-Hoc|Any CPU.Build.0 = Release|x86
		{079A63F2-1DD6-47B8-902D-53C845B88531}.Ad-Hoc|Any CPU.Deploy.0 = Release|x86
		{079A63F2-1DD6-47B8-902D-53C845B88531}.Ad-Hoc|ARM.ActiveCfg = Release|ARM
		{079A63F2-1DD6-47B8-902D-53C845B88531}.Ad-Hoc|ARM.Build.0 = Release|ARM
		{079A63F2-1DD6-47B8-902D-53C845B88531}.Ad-Hoc|ARM.Deploy.0 = Release|ARM
		{079A63F2-1DD6-47B8-902D-53C845B88531}.Ad-Hoc|iPhone.ActiveCfg = Release|x86
		{079A63F2-1DD6-47B8-902D-53C845B88531}.Ad-Hoc|iPhone.Build.0 = Release|x86
		{079A63F2-1DD6-47B8-902D-53C845B88531}.Ad-Hoc|iPhone.Deploy.0 = Release|x86
		{079A63F2-1DD6-47B8-902D-53C845B88531}.Ad-Hoc|iPhoneSimulator.ActiveCfg = Release|x86
		{079A63F2-1DD6-47B8-902D-53C845B88531}.Ad-Hoc|iPhoneSimulator.Build.0 = Release|x86
		{079A63F2-1DD6-47B8-902D-53C845B88531}.Ad-Hoc|iPhoneSimulator.Deploy.0 = Release|x86
		{079A63F2-1DD6-47B8-902D-53C845B88531}.Ad-Hoc|x64.ActiveCfg = Release|x64
		{079A63F2-1DD6-47B8-902D-53C845B88531}.Ad-Hoc|x64.Build.0 = Release|x64
		{079A63F2-1DD6-47B8-902D-53C845B88531}.Ad-Hoc|x64.Deploy.0 = Release|x64
		{079A63F2-1DD6-47B8-902D-53C845B88531}.Ad-Hoc|x86.ActiveCfg = Release|x86
		{079A63F2-1DD6-47B8-902D-53C845B88531}.Ad-Hoc|x86.Build.0 = Release|x86
		{079A63F2-1DD6-47B8-902D-53C845B88531}.Ad-Hoc|x86.Deploy.0 = Release|x86
		{079A63F2-1DD6-47B8-902D-53C845B88531}.AppStore|Any CPU.ActiveCfg = Release|x86
		{079A63F2-1DD6-47B8-902D-53C845B88531}.AppStore|Any CPU.Build.0 = Release|x86
		{079A63F2-1DD6-47B8-902D-53C845B88531}.AppStore|Any CPU.Deploy.0 = Release|x86
		{079A63F2-1DD6-47B8-902D-53C845B88531}.AppStore|ARM.ActiveCfg = Release|ARM
		{079A63F2-1DD6-47B8-902D-53C845B88531}.AppStore|ARM.Build.0 = Release|ARM
		{079A63F2-1DD6-47B8-902D-53C845B88531}.AppStore|ARM.Deploy.0 = Release|ARM
		{079A63F2-1DD6-47B8-902D-53C845B88531}.AppStore|iPhone.ActiveCfg = Release|x86
		{079A63F2-1DD6-47B8-902D-53C845B88531}.AppStore|iPhone.Build.0 = Release|x86
		{079A63F2-1DD6-47B8-902D-53C845B88531}.AppStore|iPhone.Deploy.0 = Release|x86
		{079A63F2-1DD6-47B8-902D-53C845B88531}.AppStore|iPhoneSimulator.ActiveCfg = Release|x86
		{079A63F2-1DD6-47B8-902D-53C845B88531}.AppStore|iPhoneSimulator.Build.0 = Release|x86
		{079A63F2-1DD6-47B8-902D-53C845B88531}.AppStore|iPhoneSimulator.Deploy.0 = Release|x86
		{079A63F2-1DD6-47B8-902D-53C845B88531}.AppStore|x64.ActiveCfg = Release|x64
		{079A63F2-1DD6-47B8-902D-53C845B88531}.AppStore|x64.Build.0 = Release|x64
		{079A63F2-1DD6-47B8-902D-53C845B88531}.AppStore|x64.Deploy.0 = Release|x64
		{079A63F2-1DD6-47B8-902D-53C845B88531}.AppStore|x86.ActiveCfg = Release|x86
		{079A63F2-1DD6-47B8-902D-53C845B88531}.AppStore|x86.Build.0 = Release|x86
		{079A63F2-1DD6-47B8-902D-53C845B88531}.AppStore|x86.Deploy.0 = Release|x86
		{079A63F2-1DD6-47B8-902D-53C845B88531}.Debug|Any CPU.ActiveCfg = Debug|x86
		{079A63F2-1DD6-47B8-902D-53C845B88531}.Debug|ARM.ActiveCfg = Debug|ARM
		{079A63F2-1DD6-47B8-902D-53C845B88531}.Debug|ARM.Build.0 = Debug|ARM
		{079A63F2-1DD6-47B8-902D-53C845B88531}.Debug|ARM.Deploy.0 = Debug|ARM
		{079A63F2-1DD6-47B8-902D-53C845B88531}.Debug|iPhone.ActiveCfg = Debug|x86
		{079A63F2-1DD6-47B8-902D-53C845B88531}.Debug|iPhoneSimulator.ActiveCfg = Debug|x86
		{079A63F2-1DD6-47B8-902D-53C845B88531}.Debug|x64.ActiveCfg = Debug|x64
		{079A63F2-1DD6-47B8-902D-53C845B88531}.Debug|x64.Build.0 = Debug|x64
		{079A63F2-1DD6-47B8-902D-53C845B88531}.Debug|x64.Deploy.0 = Debug|x64
		{079A63F2-1DD6-47B8-902D-53C845B88531}.Debug|x86.ActiveCfg = Debug|x86
		{079A63F2-1DD6-47B8-902D-53C845B88531}.Debug|x86.Build.0 = Debug|x86
		{079A63F2-1DD6-47B8-902D-53C845B88531}.Debug|x86.Deploy.0 = Debug|x86
		{079A63F2-1DD6-47B8-902D-53C845B88531}.Release|Any CPU.ActiveCfg = Release|x86
		{079A63F2-1DD6-47B8-902D-53C845B88531}.Release|ARM.ActiveCfg = Release|ARM
		{079A63F2-1DD6-47B8-902D-53C845B88531}.Release|ARM.Build.0 = Release|ARM
		{079A63F2-1DD6-47B8-902D-53C845B88531}.Release|ARM.Deploy.0 = Release|ARM
		{079A63F2-1DD6-47B8-902D-53C845B88531}.Release|iPhone.ActiveCfg = Release|x86
		{079A63F2-1DD6-47B8-902D-53C845B88531}.Release|iPhoneSimulator.ActiveCfg = Release|x86
		{079A63F2-1DD6-47B8-902D-53C845B88531}.Release|x64.ActiveCfg = Release|x64
		{079A63F2-1DD6-47B8-902D-53C845B88531}.Release|x64.Build.0 = Release|x64
		{079A63F2-1DD6-47B8-902D-53C845B88531}.Release|x64.Deploy.0 = Release|x64
		{079A63F2-1DD6-47B8-902D-53C845B88531}.Release|x86.ActiveCfg = Release|x86
		{079A63F2-1DD6-47B8-902D-53C845B88531}.Release|x86.Build.0 = Release|x86
		{079A63F2-1DD6-47B8-902D-53C845B88531}.Release|x86.Deploy.0 = Release|x86
	EndGlobalSection
	GlobalSection(SolutionProperties) = preSolution
		HideSolutionNode = FALSE
	EndGlobalSection
	GlobalSection(ExtensibilityGlobals) = postSolution
		SolutionGuid = {CFCCA859-4F0D-4ED2-B44D-D279A5FED8FB}
	EndGlobalSection
EndGlobal
