
Microsoft Visual Studio Solution File, Format Version 12.00
# Visual Studio 15
Project("{FAE04EC0-301F-11D3-BF4B-00C04F79EFBC}") = "XFDataGrid.Android", "XFDataGrid.Android\XFDataGrid.Android.csproj", "{5DC55759-C569-4704-BDC6-4810FE82177C}"
EndProject
Project("{FAE04EC0-301F-11D3-BF4B-00C04F79EFBC}") = "XFDataGrid.iOS", "XFDataGrid.iOS\XFDataGrid.iOS.csproj", "{F23549B2-7C07-461A-8331-BF649CFFE463}"
EndProject
Project("{D954291E-2A0B-460D-934E-DC6B0785DB48}") = "XFDataGrid", "XFDataGrid\XFDataGrid.shproj", "{9A9D0C65-401E-4705-9D26-1E5718867C09}"
EndProject
Global
	GlobalSection(SolutionConfigurationPlatforms) = preSolution
		Debug|Any CPU = Debug|Any CPU
		Release|Any CPU = Release|Any CPU
		Debug|iPhoneSimulator = Debug|iPhoneSimulator
		Release|iPhoneSimulator = Release|iPhoneSimulator
		Debug|iPhone = Debug|iPhone
		Release|iPhone = Release|iPhone
	EndGlobalSection
	GlobalSection(ProjectConfigurationPlatforms) = postSolution
		{5DC55759-C569-4704-BDC6-4810FE82177C}.Debug|Any CPU.ActiveCfg = Debug|Any CPU
		{5DC55759-C569-4704-BDC6-4810FE82177C}.Debug|Any CPU.Build.0 = Debug|Any CPU
		{5DC55759-C569-4704-BDC6-4810FE82177C}.Release|Any CPU.ActiveCfg = Release|Any CPU
		{5DC55759-C569-4704-BDC6-4810FE82177C}.Release|Any CPU.Build.0 = Release|Any CPU
		{5DC55759-C569-4704-BDC6-4810FE82177C}.Debug|iPhoneSimulator.ActiveCfg = Debug|Any CPU
		{5DC55759-C569-4704-BDC6-4810FE82177C}.Debug|iPhoneSimulator.Build.0 = Debug|Any CPU
		{5DC55759-C569-4704-BDC6-4810FE82177C}.Release|iPhoneSimulator.ActiveCfg = Release|Any CPU
		{5DC55759-C569-4704-BDC6-4810FE82177C}.Release|iPhoneSimulator.Build.0 = Release|Any CPU
		{5DC55759-C569-4704-BDC6-4810FE82177C}.Debug|iPhone.ActiveCfg = Debug|Any CPU
		{5DC55759-C569-4704-BDC6-4810FE82177C}.Debug|iPhone.Build.0 = Debug|Any CPU
		{5DC55759-C569-4704-BDC6-4810FE82177C}.Release|iPhone.ActiveCfg = Release|Any CPU
		{5DC55759-C569-4704-BDC6-4810FE82177C}.Release|iPhone.Build.0 = Release|Any CPU
		{F23549B2-7C07-461A-8331-BF649CFFE463}.Debug|Any CPU.ActiveCfg = Debug|iPhoneSimulator
		{F23549B2-7C07-461A-8331-BF649CFFE463}.Debug|Any CPU.Build.0 = Debug|iPhoneSimulator
		{F23549B2-7C07-461A-8331-BF649CFFE463}.Release|Any CPU.ActiveCfg = Release|iPhoneSimulator
		{F23549B2-7C07-461A-8331-BF649CFFE463}.Release|Any CPU.Build.0 = Release|iPhoneSimulator
		{F23549B2-7C07-461A-8331-BF649CFFE463}.Debug|iPhoneSimulator.ActiveCfg = Debug|iPhoneSimulator
		{F23549B2-7C07-461A-8331-BF649CFFE463}.Debug|iPhoneSimulator.Build.0 = Debug|iPhoneSimulator
		{F23549B2-7C07-461A-8331-BF649CFFE463}.Release|iPhoneSimulator.ActiveCfg = Release|iPhoneSimulator
		{F23549B2-7C07-461A-8331-BF649CFFE463}.Release|iPhoneSimulator.Build.0 = Release|iPhoneSimulator
		{F23549B2-7C07-461A-8331-BF649CFFE463}.Debug|iPhone.ActiveCfg = Debug|iPhone
		{F23549B2-7C07-461A-8331-BF649CFFE463}.Debug|iPhone.Build.0 = Debug|iPhone
		{F23549B2-7C07-461A-8331-BF649CFFE463}.Release|iPhone.ActiveCfg = Release|iPhone
		{F23549B2-7C07-461A-8331-BF649CFFE463}.Release|iPhone.Build.0 = Release|iPhone
	EndGlobalSection
EndGlobal
